
Microsoft Visual Studio Solution File, Format Version 12.00
# Visual Studio Version 17
VisualStudioVersion = 17.5.002.0
MinimumVisualStudioVersion = 10.0.40219.1
Project("{2150E333-8FDC-42A3-9474-1A3956D46DE8}") = "Basic_consumer", "Basic_consumer", "{27C38D91-E7A2-44A9-999E-98C82284BE68}"
EndProject
Project("{9A19103F-16F7-4668-BE54-9A1E7A4F7556}") = "Consumer", "Basic_consumer\Consumer_C#\Consumer.csproj", "{5F209536-F678-4A82-83C8-B7DBE7D7A63C}"
EndProject
Project("{9A19103F-16F7-4668-BE54-9A1E7A4F7556}") = "Producer", "Basic_consumer\Producer_C#\Producer.csproj", "{D0CA1E17-B8ED-425C-9D83-D0D5D5E7A315}"
EndProject
Project("{2150E333-8FDC-42A3-9474-1A3956D46DE8}") = "Basic_routing", "Basic_routing", "{C30BEF68-8A7C-4775-BDED-7FAA3FF4A742}"
EndProject
Project("{9A19103F-16F7-4668-BE54-9A1E7A4F7556}") = "Producer", "Basic_routing\Producer_C#\Producer.csproj", "{50A76AB5-0DA8-46E3-A070-BEE78F9CE4DE}"
EndProject
Project("{2150E333-8FDC-42A3-9474-1A3956D46DE8}") = "Competing_consumers", "Competing_consumers", "{F01E257E-A1C9-4626-B14F-604F92401CF4}"
EndProject
Project("{9A19103F-16F7-4668-BE54-9A1E7A4F7556}") = "Producer", "Competing_consumers\Producer_C#\Producer.csproj", "{53AE7071-E9D0-41B4-8D61-94B20DEF2BE8}"
EndProject
Project("{2150E333-8FDC-42A3-9474-1A3956D46DE8}") = "Publisher_subscriber", "Publisher_subscriber", "{0836ED1A-801D-4E11-BA47-D4B4680ABA64}"
EndProject
Project("{9A19103F-16F7-4668-BE54-9A1E7A4F7556}") = "Publisher", "Publisher_subscriber\Publisher_C#\Publisher.csproj", "{DF831A53-CB83-4351-8787-E2590917010A}"
EndProject
Project("{2150E333-8FDC-42A3-9474-1A3956D46DE8}") = "Request_reply", "Request_reply", "{C9D6C786-7653-4176-8A9B-E629B2C0E8D8}"
EndProject
Project("{9A19103F-16F7-4668-BE54-9A1E7A4F7556}") = "Client", "Request_reply\Client_C#\Client.csproj", "{2EE2E92E-972F-4232-9831-3FE96F53D6F7}"
EndProject
Project("{9A19103F-16F7-4668-BE54-9A1E7A4F7556}") = "Server", "Request_reply\Server_C#\Server.csproj", "{80614FCF-4355-469D-9BA0-A184FD571A38}"
EndProject
Project("{2150E333-8FDC-42A3-9474-1A3956D46DE8}") = "Topic_routing", "Topic_routing", "{E1C67705-4F8D-4942-8C22-E149AE3F3307}"
EndProject
Project("{9A19103F-16F7-4668-BE54-9A1E7A4F7556}") = "Producer", "Topic_routing\Producer_C#\Producer.csproj", "{3F5C547D-1FFB-4E15-955C-82B6F4C604F3}"
EndProject
Project("{2150E333-8FDC-42A3-9474-1A3956D46DE8}") = "Consumer_C#", "Consumer_C#", "{555BC48F-33A1-45EF-BA94-720A54811121}"
EndProject
Project("{9A19103F-16F7-4668-BE54-9A1E7A4F7556}") = "Consumer_1", "Basic_routing\Consumer_C#\Consumer_1\Consumer_1.csproj", "{6268E650-DD0A-498F-9DF5-CE51FD302654}"
EndProject
Project("{9A19103F-16F7-4668-BE54-9A1E7A4F7556}") = "Consumer_2", "Basic_routing\Consumer_C#\Consumer_2\Consumer_2.csproj", "{7CBD1C9B-4B02-4B5D-BECF-896860216416}"
EndProject
Project("{2150E333-8FDC-42A3-9474-1A3956D46DE8}") = "Consumer_C#", "Consumer_C#", "{F4E63A25-A78C-4C9C-AB2B-A96B369ACDE8}"
EndProject
Project("{9A19103F-16F7-4668-BE54-9A1E7A4F7556}") = "Consumer_1", "Competing_consumers\Consumer_C#\Consumer_1\Consumer_1.csproj", "{98F5EB87-DBC9-4F5F-A249-64E789EC9A12}"
EndProject
Project("{9A19103F-16F7-4668-BE54-9A1E7A4F7556}") = "Consumer_2", "Competing_consumers\Consumer_C#\Consumer_2\Consumer_2.csproj", "{17609017-FAA0-4690-960B-F24E6F5E45A0}"
EndProject
Project("{2150E333-8FDC-42A3-9474-1A3956D46DE8}") = "Subscriber_C#", "Subscriber_C#", "{A6812C41-A747-4468-B29F-26181AB47CC8}"
EndProject
Project("{9A19103F-16F7-4668-BE54-9A1E7A4F7556}") = "Subscriber_1", "Publisher_subscriber\Subscriber_C#\Subscriber_1\Subscriber_1.csproj", "{9A904E19-E21D-4E19-A8F3-72A493BF399D}"
EndProject
Project("{9A19103F-16F7-4668-BE54-9A1E7A4F7556}") = "Subscriber_2", "Publisher_subscriber\Subscriber_C#\Subscriber_2\Subscriber_2.csproj", "{438321C7-30F6-417A-9744-25AF8B0FE2CA}"
EndProject
Project("{2150E333-8FDC-42A3-9474-1A3956D46DE8}") = "Consumer_C#", "Consumer_C#", "{065526B6-99BD-4ABE-BD65-8007FBE84B04}"
EndProject
Project("{9A19103F-16F7-4668-BE54-9A1E7A4F7556}") = "Consumer_1", "Topic_routing\Consumer_C#\Consumer_1\Consumer_1.csproj", "{F30F852E-365F-4F5B-BE14-2D70B35C9EB0}"
EndProject
Project("{9A19103F-16F7-4668-BE54-9A1E7A4F7556}") = "Consumer_2", "Topic_routing\Consumer_C#\Consumer_2\Consumer_2.csproj", "{B70B49FA-CA37-4988-9426-C485436BEFC3}"
EndProject
Project("{9A19103F-16F7-4668-BE54-9A1E7A4F7556}") = "Consumer_3", "Topic_routing\Consumer_C#\Consumer_3\Consumer_3.csproj", "{336C36D9-3D61-47EF-AD92-A3743B435802}"
EndProject
Global
	GlobalSection(SolutionConfigurationPlatforms) = preSolution
		Debug|Any CPU = Debug|Any CPU
		Release|Any CPU = Release|Any CPU
	EndGlobalSection
	GlobalSection(ProjectConfigurationPlatforms) = postSolution
		{5F209536-F678-4A82-83C8-B7DBE7D7A63C}.Debug|Any CPU.ActiveCfg = Debug|Any CPU
		{5F209536-F678-4A82-83C8-B7DBE7D7A63C}.Debug|Any CPU.Build.0 = Debug|Any CPU
		{5F209536-F678-4A82-83C8-B7DBE7D7A63C}.Release|Any CPU.ActiveCfg = Release|Any CPU
		{5F209536-F678-4A82-83C8-B7DBE7D7A63C}.Release|Any CPU.Build.0 = Release|Any CPU
		{D0CA1E17-B8ED-425C-9D83-D0D5D5E7A315}.Debug|Any CPU.ActiveCfg = Debug|Any CPU
		{D0CA1E17-B8ED-425C-9D83-D0D5D5E7A315}.Debug|Any CPU.Build.0 = Debug|Any CPU
		{D0CA1E17-B8ED-425C-9D83-D0D5D5E7A315}.Release|Any CPU.ActiveCfg = Release|Any CPU
		{D0CA1E17-B8ED-425C-9D83-D0D5D5E7A315}.Release|Any CPU.Build.0 = Release|Any CPU
		{50A76AB5-0DA8-46E3-A070-BEE78F9CE4DE}.Debug|Any CPU.ActiveCfg = Debug|Any CPU
		{50A76AB5-0DA8-46E3-A070-BEE78F9CE4DE}.Debug|Any CPU.Build.0 = Debug|Any CPU
		{50A76AB5-0DA8-46E3-A070-BEE78F9CE4DE}.Release|Any CPU.ActiveCfg = Release|Any CPU
		{50A76AB5-0DA8-46E3-A070-BEE78F9CE4DE}.Release|Any CPU.Build.0 = Release|Any CPU
		{53AE7071-E9D0-41B4-8D61-94B20DEF2BE8}.Debug|Any CPU.ActiveCfg = Debug|Any CPU
		{53AE7071-E9D0-41B4-8D61-94B20DEF2BE8}.Debug|Any CPU.Build.0 = Debug|Any CPU
		{53AE7071-E9D0-41B4-8D61-94B20DEF2BE8}.Release|Any CPU.ActiveCfg = Release|Any CPU
		{53AE7071-E9D0-41B4-8D61-94B20DEF2BE8}.Release|Any CPU.Build.0 = Release|Any CPU
		{DF831A53-CB83-4351-8787-E2590917010A}.Debug|Any CPU.ActiveCfg = Debug|Any CPU
		{DF831A53-CB83-4351-8787-E2590917010A}.Debug|Any CPU.Build.0 = Debug|Any CPU
		{DF831A53-CB83-4351-8787-E2590917010A}.Release|Any CPU.ActiveCfg = Release|Any CPU
		{DF831A53-CB83-4351-8787-E2590917010A}.Release|Any CPU.Build.0 = Release|Any CPU
		{2EE2E92E-972F-4232-9831-3FE96F53D6F7}.Debug|Any CPU.ActiveCfg = Debug|Any CPU
		{2EE2E92E-972F-4232-9831-3FE96F53D6F7}.Debug|Any CPU.Build.0 = Debug|Any CPU
		{2EE2E92E-972F-4232-9831-3FE96F53D6F7}.Release|Any CPU.ActiveCfg = Release|Any CPU
		{2EE2E92E-972F-4232-9831-3FE96F53D6F7}.Release|Any CPU.Build.0 = Release|Any CPU
		{80614FCF-4355-469D-9BA0-A184FD571A38}.Debug|Any CPU.ActiveCfg = Debug|Any CPU
		{80614FCF-4355-469D-9BA0-A184FD571A38}.Debug|Any CPU.Build.0 = Debug|Any CPU
		{80614FCF-4355-469D-9BA0-A184FD571A38}.Release|Any CPU.ActiveCfg = Release|Any CPU
		{80614FCF-4355-469D-9BA0-A184FD571A38}.Release|Any CPU.Build.0 = Release|Any CPU
		{3F5C547D-1FFB-4E15-955C-82B6F4C604F3}.Debug|Any CPU.ActiveCfg = Debug|Any CPU
		{3F5C547D-1FFB-4E15-955C-82B6F4C604F3}.Debug|Any CPU.Build.0 = Debug|Any CPU
		{3F5C547D-1FFB-4E15-955C-82B6F4C604F3}.Release|Any CPU.ActiveCfg = Release|Any CPU
		{3F5C547D-1FFB-4E15-955C-82B6F4C604F3}.Release|Any CPU.Build.0 = Release|Any CPU
		{6268E650-DD0A-498F-9DF5-CE51FD302654}.Debug|Any CPU.ActiveCfg = Debug|Any CPU
		{6268E650-DD0A-498F-9DF5-CE51FD302654}.Debug|Any CPU.Build.0 = Debug|Any CPU
		{6268E650-DD0A-498F-9DF5-CE51FD302654}.Release|Any CPU.ActiveCfg = Release|Any CPU
		{6268E650-DD0A-498F-9DF5-CE51FD302654}.Release|Any CPU.Build.0 = Release|Any CPU
		{7CBD1C9B-4B02-4B5D-BECF-896860216416}.Debug|Any CPU.ActiveCfg = Debug|Any CPU
		{7CBD1C9B-4B02-4B5D-BECF-896860216416}.Debug|Any CPU.Build.0 = Debug|Any CPU
		{7CBD1C9B-4B02-4B5D-BECF-896860216416}.Release|Any CPU.ActiveCfg = Release|Any CPU
		{7CBD1C9B-4B02-4B5D-BECF-896860216416}.Release|Any CPU.Build.0 = Release|Any CPU
		{98F5EB87-DBC9-4F5F-A249-64E789EC9A12}.Debug|Any CPU.ActiveCfg = Debug|Any CPU
		{98F5EB87-DBC9-4F5F-A249-64E789EC9A12}.Debug|Any CPU.Build.0 = Debug|Any CPU
		{98F5EB87-DBC9-4F5F-A249-64E789EC9A12}.Release|Any CPU.ActiveCfg = Release|Any CPU
		{98F5EB87-DBC9-4F5F-A249-64E789EC9A12}.Release|Any CPU.Build.0 = Release|Any CPU
		{17609017-FAA0-4690-960B-F24E6F5E45A0}.Debug|Any CPU.ActiveCfg = Debug|Any CPU
		{17609017-FAA0-4690-960B-F24E6F5E45A0}.Debug|Any CPU.Build.0 = Debug|Any CPU
		{17609017-FAA0-4690-960B-F24E6F5E45A0}.Release|Any CPU.ActiveCfg = Release|Any CPU
		{17609017-FAA0-4690-960B-F24E6F5E45A0}.Release|Any CPU.Build.0 = Release|Any CPU
		{9A904E19-E21D-4E19-A8F3-72A493BF399D}.Debug|Any CPU.ActiveCfg = Debug|Any CPU
		{9A904E19-E21D-4E19-A8F3-72A493BF399D}.Debug|Any CPU.Build.0 = Debug|Any CPU
		{9A904E19-E21D-4E19-A8F3-72A493BF399D}.Release|Any CPU.ActiveCfg = Release|Any CPU
		{9A904E19-E21D-4E19-A8F3-72A493BF399D}.Release|Any CPU.Build.0 = Release|Any CPU
		{438321C7-30F6-417A-9744-25AF8B0FE2CA}.Debug|Any CPU.ActiveCfg = Debug|Any CPU
		{438321C7-30F6-417A-9744-25AF8B0FE2CA}.Debug|Any CPU.Build.0 = Debug|Any CPU
		{438321C7-30F6-417A-9744-25AF8B0FE2CA}.Release|Any CPU.ActiveCfg = Release|Any CPU
		{438321C7-30F6-417A-9744-25AF8B0FE2CA}.Release|Any CPU.Build.0 = Release|Any CPU
		{F30F852E-365F-4F5B-BE14-2D70B35C9EB0}.Debug|Any CPU.ActiveCfg = Debug|Any CPU
		{F30F852E-365F-4F5B-BE14-2D70B35C9EB0}.Debug|Any CPU.Build.0 = Debug|Any CPU
		{F30F852E-365F-4F5B-BE14-2D70B35C9EB0}.Release|Any CPU.ActiveCfg = Release|Any CPU
		{F30F852E-365F-4F5B-BE14-2D70B35C9EB0}.Release|Any CPU.Build.0 = Release|Any CPU
		{B70B49FA-CA37-4988-9426-C485436BEFC3}.Debug|Any CPU.ActiveCfg = Debug|Any CPU
		{B70B49FA-CA37-4988-9426-C485436BEFC3}.Debug|Any CPU.Build.0 = Debug|Any CPU
		{B70B49FA-CA37-4988-9426-C485436BEFC3}.Release|Any CPU.ActiveCfg = Release|Any CPU
		{B70B49FA-CA37-4988-9426-C485436BEFC3}.Release|Any CPU.Build.0 = Release|Any CPU
		{336C36D9-3D61-47EF-AD92-A3743B435802}.Debug|Any CPU.ActiveCfg = Debug|Any CPU
		{336C36D9-3D61-47EF-AD92-A3743B435802}.Debug|Any CPU.Build.0 = Debug|Any CPU
		{336C36D9-3D61-47EF-AD92-A3743B435802}.Release|Any CPU.ActiveCfg = Release|Any CPU
		{336C36D9-3D61-47EF-AD92-A3743B435802}.Release|Any CPU.Build.0 = Release|Any CPU
	EndGlobalSection
	GlobalSection(SolutionProperties) = preSolution
		HideSolutionNode = FALSE
	EndGlobalSection
	GlobalSection(NestedProjects) = preSolution
		{5F209536-F678-4A82-83C8-B7DBE7D7A63C} = {27C38D91-E7A2-44A9-999E-98C82284BE68}
		{D0CA1E17-B8ED-425C-9D83-D0D5D5E7A315} = {27C38D91-E7A2-44A9-999E-98C82284BE68}
		{50A76AB5-0DA8-46E3-A070-BEE78F9CE4DE} = {C30BEF68-8A7C-4775-BDED-7FAA3FF4A742}
		{53AE7071-E9D0-41B4-8D61-94B20DEF2BE8} = {F01E257E-A1C9-4626-B14F-604F92401CF4}
		{DF831A53-CB83-4351-8787-E2590917010A} = {0836ED1A-801D-4E11-BA47-D4B4680ABA64}
		{2EE2E92E-972F-4232-9831-3FE96F53D6F7} = {C9D6C786-7653-4176-8A9B-E629B2C0E8D8}
		{80614FCF-4355-469D-9BA0-A184FD571A38} = {C9D6C786-7653-4176-8A9B-E629B2C0E8D8}
		{3F5C547D-1FFB-4E15-955C-82B6F4C604F3} = {E1C67705-4F8D-4942-8C22-E149AE3F3307}
		{555BC48F-33A1-45EF-BA94-720A54811121} = {C30BEF68-8A7C-4775-BDED-7FAA3FF4A742}
		{6268E650-DD0A-498F-9DF5-CE51FD302654} = {555BC48F-33A1-45EF-BA94-720A54811121}
		{7CBD1C9B-4B02-4B5D-BECF-896860216416} = {555BC48F-33A1-45EF-BA94-720A54811121}
		{F4E63A25-A78C-4C9C-AB2B-A96B369ACDE8} = {F01E257E-A1C9-4626-B14F-604F92401CF4}
		{98F5EB87-DBC9-4F5F-A249-64E789EC9A12} = {F4E63A25-A78C-4C9C-AB2B-A96B369ACDE8}
		{17609017-FAA0-4690-960B-F24E6F5E45A0} = {F4E63A25-A78C-4C9C-AB2B-A96B369ACDE8}
		{A6812C41-A747-4468-B29F-26181AB47CC8} = {0836ED1A-801D-4E11-BA47-D4B4680ABA64}
		{9A904E19-E21D-4E19-A8F3-72A493BF399D} = {A6812C41-A747-4468-B29F-26181AB47CC8}
		{438321C7-30F6-417A-9744-25AF8B0FE2CA} = {A6812C41-A747-4468-B29F-26181AB47CC8}
		{065526B6-99BD-4ABE-BD65-8007FBE84B04} = {E1C67705-4F8D-4942-8C22-E149AE3F3307}
		{F30F852E-365F-4F5B-BE14-2D70B35C9EB0} = {065526B6-99BD-4ABE-BD65-8007FBE84B04}
		{B70B49FA-CA37-4988-9426-C485436BEFC3} = {065526B6-99BD-4ABE-BD65-8007FBE84B04}
		{336C36D9-3D61-47EF-AD92-A3743B435802} = {065526B6-99BD-4ABE-BD65-8007FBE84B04}
	EndGlobalSection
	GlobalSection(ExtensibilityGlobals) = postSolution
		SolutionGuid = {A73F2846-4E32-4A30-9CAE-EF443CA7EA0B}
	EndGlobalSection
EndGlobal
