
Microsoft Visual Studio Solution File, Format Version 12.00
# Visual Studio Version 17
VisualStudioVersion = 17.5.002.0
MinimumVisualStudioVersion = 10.0.40219.1
Project("{9A19103F-16F7-4668-BE54-9A1E7A4F7556}") = "Consumer_C#", "Consumer_C#\Consumer_C#.csproj", "{F1B30374-DC3F-4A26-95F0-696BBAC2A964}"
EndProject
Project("{9A19103F-16F7-4668-BE54-9A1E7A4F7556}") = "Producer_C#", "Producer_C#\Producer_C#.csproj", "{64C1924E-44BD-4A40-B86E-267CAF0AAEEB}"
EndProject
Global
	GlobalSection(SolutionConfigurationPlatforms) = preSolution
		Debug|Any CPU = Debug|Any CPU
		Release|Any CPU = Release|Any CPU
	EndGlobalSection
	GlobalSection(ProjectConfigurationPlatforms) = postSolution
		{F1B30374-DC3F-4A26-95F0-696BBAC2A964}.Debug|Any CPU.ActiveCfg = Debug|Any CPU
		{F1B30374-DC3F-4A26-95F0-696BBAC2A964}.Debug|Any CPU.Build.0 = Debug|Any CPU
		{F1B30374-DC3F-4A26-95F0-696BBAC2A964}.Release|Any CPU.ActiveCfg = Release|Any CPU
		{F1B30374-DC3F-4A26-95F0-696BBAC2A964}.Release|Any CPU.Build.0 = Release|Any CPU
		{64C1924E-44BD-4A40-B86E-267CAF0AAEEB}.Debug|Any CPU.ActiveCfg = Debug|Any CPU
		{64C1924E-44BD-4A40-B86E-267CAF0AAEEB}.Debug|Any CPU.Build.0 = Debug|Any CPU
		{64C1924E-44BD-4A40-B86E-267CAF0AAEEB}.Release|Any CPU.ActiveCfg = Release|Any CPU
		{64C1924E-44BD-4A40-B86E-267CAF0AAEEB}.Release|Any CPU.Build.0 = Release|Any CPU
	EndGlobalSection
	GlobalSection(SolutionProperties) = preSolution
		HideSolutionNode = FALSE
	EndGlobalSection
	GlobalSection(ExtensibilityGlobals) = postSolution
		SolutionGuid = {CC0C63F7-D488-46F5-B82D-C0B8128B76C0}
	EndGlobalSection
EndGlobal
